Microsoft Visual Studio Solution File, Format Version 12.00
# Visual Studio Version 16
VisualStudioVersion = 16.0.0.0
MinimumVisualStudioVersion = 16.0.0.0
Project("{9A19103F-16F7-4668-BE54-9A1E7A4F7556}") = "Stridelonia.Samples.Windows", "Stridelonia.Samples.Windows\Stridelonia.Samples.Windows.csproj", "{A2C8A58A-8FB8-4496-BD15-56E9E30F15D3}"
EndProject
Project("{9A19103F-16F7-4668-BE54-9A1E7A4F7556}") = "Stridelonia", "Stridelonia\Stridelonia.csproj", "{176B0BAC-FC95-478C-874A-5CC32E5DE8E0}"
EndProject
Project("{9A19103F-16F7-4668-BE54-9A1E7A4F7556}") = "Stridelonia.Samples", "Stridelonia.Samples\Stridelonia.Samples.csproj", "{EE85FEE6-A156-44B8-B0E1-830B623B45F8}"
EndProject
Project("{9A19103F-16F7-4668-BE54-9A1E7A4F7556}") = "TodoApp", "Samples\TodoApp\TodoApp.csproj", "{6223A439-27E0-4F72-8355-1C4365FA9344}"
EndProject
Project("{2150E333-8FDC-42A3-9474-1A3956D46DE8}") = "Samples", "Samples", "{647302E8-9719-4990-8691-009913D0D55E}"
EndProject
Project("{9A19103F-16F7-4668-BE54-9A1E7A4F7556}") = "WindowsGame", "Samples\WindowsGame\WindowsGame.csproj", "{D06EBAE7-5554-42AB-BDDE-83023F9FFA1A}"
EndProject
Project("{9A19103F-16F7-4668-BE54-9A1E7A4F7556}") = "WindowsGame.Windows", "Samples\WindowsGame.Windows\WindowsGame.Windows.csproj", "{0487DA90-6777-4B24-9114-369B9D142864}"
EndProject
Project("{9A19103F-16F7-4668-BE54-9A1E7A4F7556}") = "Stridelonia.Avalonia", "Stridelonia.Avalonia\Stridelonia.Avalonia.csproj", "{4864774D-10C9-43E9-B47A-7DE8D34DAB86}"
EndProject
Project("{9A19103F-16F7-4668-BE54-9A1E7A4F7556}") = "ControlCatalog", "Samples\ControlCatalog\ControlCatalog.csproj", "{C2267203-B638-4C0E-8AC2-A507E8A7BC82}"
EndProject
Global
	GlobalSection(SolutionConfigurationPlatforms) = preSolution
		Debug|Any CPU = Debug|Any CPU
		Release|Any CPU = Release|Any CPU
	EndGlobalSection
	GlobalSection(ProjectConfigurationPlatforms) = postSolution
		{A2C8A58A-8FB8-4496-BD15-56E9E30F15D3}.Debug|Any CPU.ActiveCfg = Debug|Any CPU
		{A2C8A58A-8FB8-4496-BD15-56E9E30F15D3}.Debug|Any CPU.Build.0 = Debug|Any CPU
		{A2C8A58A-8FB8-4496-BD15-56E9E30F15D3}.Release|Any CPU.ActiveCfg = Release|Any CPU
		{A2C8A58A-8FB8-4496-BD15-56E9E30F15D3}.Release|Any CPU.Build.0 = Release|Any CPU
		{176B0BAC-FC95-478C-874A-5CC32E5DE8E0}.Debug|Any CPU.ActiveCfg = Debug|Any CPU
		{176B0BAC-FC95-478C-874A-5CC32E5DE8E0}.Debug|Any CPU.Build.0 = Debug|Any CPU
		{176B0BAC-FC95-478C-874A-5CC32E5DE8E0}.Release|Any CPU.ActiveCfg = Release|Any CPU
		{176B0BAC-FC95-478C-874A-5CC32E5DE8E0}.Release|Any CPU.Build.0 = Release|Any CPU
		{EE85FEE6-A156-44B8-B0E1-830B623B45F8}.Debug|Any CPU.ActiveCfg = Debug|Any CPU
		{EE85FEE6-A156-44B8-B0E1-830B623B45F8}.Debug|Any CPU.Build.0 = Debug|Any CPU
		{EE85FEE6-A156-44B8-B0E1-830B623B45F8}.Release|Any CPU.ActiveCfg = Release|Any CPU
		{EE85FEE6-A156-44B8-B0E1-830B623B45F8}.Release|Any CPU.Build.0 = Release|Any CPU
		{6223A439-27E0-4F72-8355-1C4365FA9344}.Debug|Any CPU.ActiveCfg = Debug|Any CPU
		{6223A439-27E0-4F72-8355-1C4365FA9344}.Debug|Any CPU.Build.0 = Debug|Any CPU
		{6223A439-27E0-4F72-8355-1C4365FA9344}.Release|Any CPU.ActiveCfg = Release|Any CPU
		{6223A439-27E0-4F72-8355-1C4365FA9344}.Release|Any CPU.Build.0 = Release|Any CPU
		{D06EBAE7-5554-42AB-BDDE-83023F9FFA1A}.Debug|Any CPU.ActiveCfg = Debug|Any CPU
		{D06EBAE7-5554-42AB-BDDE-83023F9FFA1A}.Debug|Any CPU.Build.0 = Debug|Any CPU
		{D06EBAE7-5554-42AB-BDDE-83023F9FFA1A}.Release|Any CPU.ActiveCfg = Release|Any CPU
		{D06EBAE7-5554-42AB-BDDE-83023F9FFA1A}.Release|Any CPU.Build.0 = Release|Any CPU
		{0487DA90-6777-4B24-9114-369B9D142864}.Debug|Any CPU.ActiveCfg = Debug|Any CPU
		{0487DA90-6777-4B24-9114-369B9D142864}.Debug|Any CPU.Build.0 = Debug|Any CPU
		{0487DA90-6777-4B24-9114-369B9D142864}.Release|Any CPU.ActiveCfg = Release|Any CPU
		{0487DA90-6777-4B24-9114-369B9D142864}.Release|Any CPU.Build.0 = Release|Any CPU
		{4864774D-10C9-43E9-B47A-7DE8D34DAB86}.Debug|Any CPU.ActiveCfg = Debug|Any CPU
		{4864774D-10C9-43E9-B47A-7DE8D34DAB86}.Debug|Any CPU.Build.0 = Debug|Any CPU
		{4864774D-10C9-43E9-B47A-7DE8D34DAB86}.Release|Any CPU.ActiveCfg = Release|Any CPU
		{4864774D-10C9-43E9-B47A-7DE8D34DAB86}.Release|Any CPU.Build.0 = Release|Any CPU
		{C2267203-B638-4C0E-8AC2-A507E8A7BC82}.Debug|Any CPU.ActiveCfg = Debug|Any CPU
		{C2267203-B638-4C0E-8AC2-A507E8A7BC82}.Debug|Any CPU.Build.0 = Debug|Any CPU
		{C2267203-B638-4C0E-8AC2-A507E8A7BC82}.Release|Any CPU.ActiveCfg = Release|Any CPU
		{C2267203-B638-4C0E-8AC2-A507E8A7BC82}.Release|Any CPU.Build.0 = Release|Any CPU
	EndGlobalSection
	GlobalSection(SolutionProperties) = preSolution
		HideSolutionNode = FALSE
	EndGlobalSection
	GlobalSection(NestedProjects) = preSolution
		{6223A439-27E0-4F72-8355-1C4365FA9344} = {647302E8-9719-4990-8691-009913D0D55E}
		{D06EBAE7-5554-42AB-BDDE-83023F9FFA1A} = {647302E8-9719-4990-8691-009913D0D55E}
		{0487DA90-6777-4B24-9114-369B9D142864} = {647302E8-9719-4990-8691-009913D0D55E}
		{C2267203-B638-4C0E-8AC2-A507E8A7BC82} = {647302E8-9719-4990-8691-009913D0D55E}
	EndGlobalSection
	GlobalSection(ExtensibilityGlobals) = postSolution
		SolutionGuid = {4AFAA667-0757-47C5-ADE9-9AE48862A211}
	EndGlobalSection
EndGlobal
